
Microsoft Visual Studio Solution File, Format Version 12.00
# Visual Studio Version 17
VisualStudioVersion = 17.8.34330.188
MinimumVisualStudioVersion = 10.0.40219.1
Project("{9A19103F-16F7-4668-BE54-9A1E7A4F7556}") = "StudentPortfolio.API", "StudentPortfolio.API\StudentPortfolio.API.csproj", "{3A2B720C-B32F-48A4-A832-DF0A624C1267}"
EndProject
Project("{54A90642-561A-4BB1-A94E-469ADEE60C69}") = "StudentPortfolio.WebApp", "StudentPortfolio.WebApp\StudentPortfolio.WebApp.esproj", "{507ED832-BEAC-402C-9A59-3250A83F85E0}"
EndProject
Global
	GlobalSection(SolutionConfigurationPlatforms) = preSolution
		Debug|Any CPU = Debug|Any CPU
		Release|Any CPU = Release|Any CPU
	EndGlobalSection
	GlobalSection(ProjectConfigurationPlatforms) = postSolution
		{3A2B720C-B32F-48A4-A832-DF0A624C1267}.Debug|Any CPU.ActiveCfg = Debug|Any CPU
		{3A2B720C-B32F-48A4-A832-DF0A624C1267}.Debug|Any CPU.Build.0 = Debug|Any CPU
		{3A2B720C-B32F-48A4-A832-DF0A624C1267}.Release|Any CPU.ActiveCfg = Release|Any CPU
		{3A2B720C-B32F-48A4-A832-DF0A624C1267}.Release|Any CPU.Build.0 = Release|Any CPU
		{507ED832-BEAC-402C-9A59-3250A83F85E0}.Debug|Any CPU.ActiveCfg = Debug|Any CPU
		{507ED832-BEAC-402C-9A59-3250A83F85E0}.Debug|Any CPU.Build.0 = Debug|Any CPU
		{507ED832-BEAC-402C-9A59-3250A83F85E0}.Debug|Any CPU.Deploy.0 = Debug|Any CPU
		{507ED832-BEAC-402C-9A59-3250A83F85E0}.Release|Any CPU.ActiveCfg = Release|Any CPU
		{507ED832-BEAC-402C-9A59-3250A83F85E0}.Release|Any CPU.Build.0 = Release|Any CPU
		{507ED832-BEAC-402C-9A59-3250A83F85E0}.Release|Any CPU.Deploy.0 = Release|Any CPU
	EndGlobalSection
	GlobalSection(SolutionProperties) = preSolution
		HideSolutionNode = FALSE
	EndGlobalSection
	GlobalSection(ExtensibilityGlobals) = postSolution
		SolutionGuid = {CFA114F8-B886-4CC0-84C8-5AAFF84BEDC8}
	EndGlobalSection
EndGlobal
