
Microsoft Visual Studio Solution File, Format Version 12.00
# Visual Studio Version 18
VisualStudioVersion = 18.8.11925.187 insiders
MinimumVisualStudioVersion = 10.0.40219.1
Project("{9A19103F-16F7-4668-BE54-9A1E7A4F7556}") = "StudentPortfolio", "StudentPortfolio\StudentPortfolio.csproj", "{3A2B720C-B32F-48A4-A832-DF0A624C1267}"
EndProject
Project("{54A90642-561A-4BB1-A94E-469ADEE60C69}") = "StudentPortfolio.Client", "StudentPortfolio.Client\StudentPortfolio.Client.esproj", "{F6F62F67-CE73-69B3-65E3-BDBEEAB0167F}"
EndProject
Global
	GlobalSection(SolutionConfigurationPlatforms) = preSolution
		Debug|Any CPU = Debug|Any CPU
		Release|Any CPU = Release|Any CPU
	EndGlobalSection
	GlobalSection(ProjectConfigurationPlatforms) = postSolution
		{3A2B720C-B32F-48A4-A832-DF0A624C1267}.Debug|Any CPU.ActiveCfg = Debug|Any CPU
		{3A2B720C-B32F-48A4-A832-DF0A624C1267}.Debug|Any CPU.Build.0 = Debug|Any CPU
		{3A2B720C-B32F-48A4-A832-DF0A624C1267}.Release|Any CPU.ActiveCfg = Release|Any CPU
		{3A2B720C-B32F-48A4-A832-DF0A624C1267}.Release|Any CPU.Build.0 = Release|Any CPU
		{F6F62F67-CE73-69B3-65E3-BDBEEAB0167F}.Debug|Any CPU.ActiveCfg = Debug|Any CPU
		{F6F62F67-CE73-69B3-65E3-BDBEEAB0167F}.Debug|Any CPU.Build.0 = Debug|Any CPU
		{F6F62F67-CE73-69B3-65E3-BDBEEAB0167F}.Debug|Any CPU.Deploy.0 = Debug|Any CPU
		{F6F62F67-CE73-69B3-65E3-BDBEEAB0167F}.Release|Any CPU.ActiveCfg = Release|Any CPU
		{F6F62F67-CE73-69B3-65E3-BDBEEAB0167F}.Release|Any CPU.Build.0 = Release|Any CPU
		{F6F62F67-CE73-69B3-65E3-BDBEEAB0167F}.Release|Any CPU.Deploy.0 = Release|Any CPU
	EndGlobalSection
	GlobalSection(SolutionProperties) = preSolution
		HideSolutionNode = FALSE
	EndGlobalSection
	GlobalSection(ExtensibilityGlobals) = postSolution
		SolutionGuid = {CFA114F8-B886-4CC0-84C8-5AAFF84BEDC8}
	EndGlobalSection
EndGlobal
